github.com/BurntSushi/toml v1.6.0 h1:dRaEfpa2VI55EwlIW72hMRHdWouJeRF7TPYhI+AUQjk=
github.com/BurntSushi/toml v1.6.0/go.mod h1:ukJfTF/6rtPPRCnwkur4qwRxa8vTRFBF0uk2lLoLwho=
github.com/bazel-contrib/bazel-gazelle/v2 v2.0.0-3 h1:Mq3iQ30V39RGCErrbnhHFOAcnxpWTIrk35Pc9guNfOY=
github.com/bazel-contrib/bazel-gazelle/v2 v2.0.0-3/go.mod h1:B76PjnaM2KyUG8ypV/ePHHDmGbyUNZ2PCEdEQIJISQM=
github.com/bazelbuild/bazel-gazelle v0.53.0 h1:qNh2WraxM8cjIeHZQ7QPTTSPbkrX9Z0GkhtGbiz1ToE=
github.com/bazelbuild/bazel-gazelle v0.53.0/go.mod h1:ncMNvFUTYi5NRQ7wVrOmxjKaR0+mvm02lhBt7UOXlVc=
github.com/bazelbuild/buildtools v0.0.0-20250930140053-2eb4fccefb52 h1:njQAmjTv/YHRm/0Lfv9DXHFZ4MdT2IA/RKHTnqZkgDw=
github.com/bazelbuild/buildtools v0.0.0-20250930140053-2eb4fccefb52/go.mod h1:PLNUetjLa77TCCziPsz0EI8a6CUxgC+1jgmWv0H25tg=
github.com/bazelbuild/rules_go v0.59.0 h1:RLhOwYIqeMgBpKelHEWTfIPjA37so3oa/rX+/qqq/P4=
github.com/bazelbuild/rules_go v0.59.0/go.mod h1:Pn30cb4M513fe2rQ6GiJ3q8QyrRsgC7zhuDvi50Lw4Y=
github.com/chzyer/logex v1.2.1 h1:XHDu3E6q+gdHgsdTPH6ImJMIp436vR6MPtH8gP05QzM=
github.com/chzyer/logex v1.2.1/go.mod h1:JLbx6lG2kDbNRFnfkgvh4eRJRPX1QCoOIWomwysCBrQ=
github.com/chzyer/readline v1.5.1 h1:upd/6fQk4src78LMRzh5vItIt361/o4uq553V8B5sGI=
github.com/chzyer/readline v1.5.1/go.mod h1:Eh+b79XXUwfKfcPLepksvw2tcLE/Ct21YObkaSkeBlk=
github.com/chzyer/test v1.0.0 h1:p3BQDXSxOhOG0P9z6/hGnII4LGiEPOYBhs8asl/fC04=
github.com/chzyer/test v1.0.0/go.mod h1:2JlltgoNkt4TW/z9V/IzDdFaMTM2JPIi26O1pF38GC8=
github.com/creack/pty v1.1.9/go.mod h1:oKZEueFk5CKHvIhNR5MUki03XCEU+Q6VDXinZuGJ33E=
github.com/davecgh/go-spew v1.1.2-0.20180830191138-d8f796af33cc h1:U9qPSI2PIWSS1VwoXQT9A3Wy9MM3WgvqSxFWenqJduM=
github.com/davecgh/go-spew v1.1.2-0.20180830191138-d8f796af33cc/go.mod h1:J7Y8YcW2NihsgmVo/mv3lAwl/skON4iLHjSsI+c5H38=
github.com/google/go-cmp v0.6.0 h1:ofyhxvXcZhMsU5ulbFiLKl/XBFqE1GSq7atu8tAmTRI=
github.com/google/go-cmp v0.6.0/go.mod h1:17dUlkBOakJ0+DkrSSNjCkIjxS6bF9zb3elmeNGIjoY=
github.com/google/pprof v0.0.0-20260802141513-ef3492d7dac3 h1:LMLX+LgTNWpfvCBdFebv6EsYotImrt/Ppc5cXIriCSo=
github.com/google/pprof v0.0.0-20260802141513-ef3492d7dac3/go.mod h1:jl5iWTm0/hd5PjEYEOuwAJ57L/CibdZfrqZ5XA5GrCk=
github.com/ianlancetaylor/demangle v0.0.0-20250417193237-f615e6bd150b h1:ogbOPx86mIhFy764gGkqnkFC8m5PJA7sPzlk9ppLVQA=
github.com/ianlancetaylor/demangle v0.0.0-20250417193237-f615e6bd150b/go.mod h1:gx7rwoVhcfuVKG5uya9Hs3Sxj7EIvldVofAWIUtGouw=
github.com/kr/pretty v0.2.1 h1:Fmg33tUaq4/8ym9TJN1x7sLJnHVwhP33CNkpYV/7rwI=
github.com/kr/pretty v0.2.1/go.mod h1:ipq/a2n7PKx3OHsz4KJII5eveXtPO4qwEXGdVfWzfnI=
github.com/kr/pty v1.1.1/go.mod h1:pFQYn66WHrOpPYNljwOMqo10TkYh1fy3cYio2l3bCsQ=
github.com/kr/text v0.1.0/go.mod h1:4Jbv+DJW3UT/LiOwJeYQe1efqtUx/iVham/4vfdArNI=
github.com/kr/text v0.2.0 h1:5Nx0Ya0ZqY2ygV366QzturHI13Jq95ApcVaJBhpS+AY=
github.com/kr/text v0.2.0/go.mod h1:eLer722TekiGuMkidMxC/pM04lWEeraHUUmBw8l2grE=
github.com/pmezard/go-difflib v1.0.1-0.20181226105442-5d4384ee4fb2 h1:Jamvg5psRIccs7FGNTlIRMkT8wgtp5eCXdBlqhYGL6U=
github.com/pmezard/go-difflib v1.0.1-0.20181226105442-5d4384ee4fb2/go.mod h1:iKH77koFhYxTK1pcRnkKkqfTogsbg7gZNVY4sRDYZ/4=
github.com/stretchr/testify v1.11.1 h1:7s2iGBzp5EwR7/aIZr8ao5+dra3wiQyKjjFuvgVKu7U=
github.com/stretchr/testify v1.11.1/go.mod h1:wZwfW3scLgRK+23gO65QZefKpKQRnfz6sD981Nm4B6U=
golang.org/x/mod v0.23.0 h1:Zb7khfcRGKk+kqfxFaP5tZqCnDZMjC5VtUBs87Hr6QM=
golang.org/x/mod v0.23.0/go.mod h1:6SkKJ3Xj0I0BrPOZoBy3bdMptDDU9oJrpohJ3eWZ1fY=
golang.org/x/net v0.58.0 h1:ynWG7rqYi4ccpTEuPZ2QGWHktVEM9DMCj9yzDE0Q7To=
golang.org/x/net v0.58.0/go.mod h1:YwCddHnFlT7eLQqVprV19OnhLGtc5xOKgE0RyqgfWAU=
golang.org/x/sys v0.0.0-20220310020820-b874c991c1a5/go.mod h1:oPkhp1MJrh7nUepCBck5+mAzfO9JrbApNNgaTdGDITg=
golang.org/x/sys v0.47.0 h1:o7XGOvZQCADBQQ4Y7VNq2dRWQR7JmOUW8Kxx4ZsNgWs=
golang.org/x/sys v0.47.0/go.mod h1:4GL1E5IUh+htKOUEOaiffhrAeqysfVGipDYzABqnCmw=
golang.org/x/tools/go/vcs v0.1.0-deprecated h1:cOIJqWBl99H1dH5LWizPa+0ImeeJq3t3cJjaeOWUAL4=
golang.org/x/tools/go/vcs v0.1.0-deprecated/go.mod h1:zUrvATBAvEI9535oC0yWYsLsHIV4Z7g63sNPVMtuBy8=
gopkg.in/check.v1 v0.0.0-20161208181325-20d25e280405/go.mod h1:Co6ibVJAznAaIkqp8huTwlJQCZ016jof/cbN4VW5Yz0=
gopkg.in/check.v1 v1.0.0-20201130134442-10cb98267c6c h1:Hei/4ADfdWqJk1ZMxUNpqntNwaWcugrBjAiHlqqRiVk=
gopkg.in/check.v1 v1.0.0-20201130134442-10cb98267c6c/go.mod h1:JHkPIbrfpd72SG/EVd6muEfDQjcINNoR0C8j2r3qZ4Q=
gopkg.in/yaml.v3 v3.0.1 h1:fxVm/GzAzEWqLHuvctI91KS9hhNmmWOoWu0XTYJS7CA=
gopkg.in/yaml.v3 v3.0.1/go.mod h1:K4uyk7z7BCEPqu6E+C64Yfv1cQ7kz7rIZviUmN+EgEM=
